// !$*UTF8*$!
{
	archiveVersion = 1;
	classes = {
	};
	objectVersion = 56;
	objects = {

/* Begin PBXBuildFile section */
		441E1E8228FBAFAB00B0C209 /* LocusApp.swift in Sources */ = {isa = PBXBuildFile; fileRef = 441E1E8128FBAFAB00B0C209 /* LocusApp.swift */; };
		441E1E8428FBAFAB00B0C209 /* ContentView.swift in Sources */ = {isa = PBXBuildFile; fileRef = 441E1E8328FBAFAB00B0C209 /* ContentView.swift */; };
		441E1E8628FBAFAC00B0C209 /* Assets.xcassets in Resources */ = {isa = PBXBuildFile; fileRef = 441E1E8528FBAFAC00B0C209 /* Assets.xcassets */; };
		441E1E8928FBAFAC00B0C209 /* Preview Assets.xcassets in Resources */ = {isa = PBXBuildFile; fileRef = 441E1E8828FBAFAC00B0C209 /* Preview Assets.xcassets */; };
		441E1E8B28FBAFAC00B0C209 /* PersistenceController.swift in Sources */ = {isa = PBXBuildFile; fileRef = 441E1E8A28FBAFAC00B0C209 /* PersistenceController.swift */; };
		441E1E8E28FBAFAC00B0C209 /* Locus.xcdatamodeld in Sources */ = {isa = PBXBuildFile; fileRef = 441E1E8C28FBAFAC00B0C209 /* Locus.xcdatamodeld */; };
		441E1E9928FBAFAD00B0C209 /* LocusTests.swift in Sources */ = {isa = PBXBuildFile; fileRef = 441E1E9828FBAFAD00B0C209 /* LocusTests.swift */; };
		441E1EA328FBAFAD00B0C209 /* LocusUITests.swift in Sources */ = {isa = PBXBuildFile; fileRef = 441E1EA228FBAFAD00B0C209 /* LocusUITests.swift */; };
		441E1EA528FBAFAD00B0C209 /* LocusUITestsLaunchTests.swift in Sources */ = {isa = PBXBuildFile; fileRef = 441E1EA428FBAFAD00B0C209 /* LocusUITestsLaunchTests.swift */; };
		441E1EB228FBB26100B0C209 /* Logger.swift in Sources */ = {isa = PBXBuildFile; fileRef = 441E1EB128FBB26100B0C209 /* Logger.swift */; };
		441E1EB428FBB62100B0C209 /* LifePathStore.swift in Sources */ = {isa = PBXBuildFile; fileRef = 441E1EB328FBB62100B0C209 /* LifePathStore.swift */; };
		441E1EB628FBB63700B0C209 /* Utils.swift in Sources */ = {isa = PBXBuildFile; fileRef = 441E1EB528FBB63700B0C209 /* Utils.swift */; };
		441E1EB828FBB67300B0C209 /* AppDelegate.swift in Sources */ = {isa = PBXBuildFile; fileRef = 441E1EB728FBB67300B0C209 /* AppDelegate.swift */; };
		441E1EBA28FBB69000B0C209 /* ImportExport.swift in Sources */ = {isa = PBXBuildFile; fileRef = 441E1EB928FBB69000B0C209 /* ImportExport.swift */; };
		441E1EBC28FBB6BA00B0C209 /* MapView.swift in Sources */ = {isa = PBXBuildFile; fileRef = 441E1EBB28FBB6BA00B0C209 /* MapView.swift */; };
/* End PBXBuildFile section */

/* Begin PBXContainerItemProxy section */
		441E1E9528FBAFAD00B0C209 /* PBXContainerItemProxy */ = {
			isa = PBXContainerItemProxy;
			containerPortal = 441E1E7628FBAFAB00B0C209 /* Project object */;
			proxyType = 1;
			remoteGlobalIDString = 441E1E7D28FBAFAB00B0C209;
			remoteInfo = Locus;
		};
		441E1E9F28FBAFAD00B0C209 /* PBXContainerItemProxy */ = {
			isa = PBXContainerItemProxy;
			containerPortal = 441E1E7628FBAFAB00B0C209 /* Project object */;
			proxyType = 1;
			remoteGlobalIDString = 441E1E7D28FBAFAB00B0C209;
			remoteInfo = Locus;
		};
/* End PBXContainerItemProxy section */

/* Begin PBXFileReference section */
		441E1E7E28FBAFAB00B0C209 /* Locus.app */ = {isa = PBXFileReference; explicitFileType = wrapper.application; includeInIndex = 0; path = Locus.app; sourceTree = BUILT_PRODUCTS_DIR; };
		441E1E8128FBAFAB00B0C209 /* LocusApp.swift */ = {isa = PBXFileReference; lastKnownFileType = sourcecode.swift; path = LocusApp.swift; sourceTree = "<group>"; };
		441E1E8328FBAFAB00B0C209 /* ContentView.swift */ = {isa = PBXFileReference; lastKnownFileType = sourcecode.swift; path = ContentView.swift; sourceTree = "<group>"; };
		441E1E8528FBAFAC00B0C209 /* Assets.xcassets */ = {isa = PBXFileReference; lastKnownFileType = folder.assetcatalog; path = Assets.xcassets; sourceTree = "<group>"; };
		441E1E8828FBAFAC00B0C209 /* Preview Assets.xcassets */ = {isa = PBXFileReference; lastKnownFileType = folder.assetcatalog; path = "Preview Assets.xcassets"; sourceTree = "<group>"; };
		441E1E8A28FBAFAC00B0C209 /* PersistenceController.swift */ = {isa = PBXFileReference; lastKnownFileType = sourcecode.swift; path = PersistenceController.swift; sourceTree = "<group>"; };
		441E1E8D28FBAFAC00B0C209 /* Locus.xcdatamodel */ = {isa = PBXFileReference; lastKnownFileType = wrapper.xcdatamodel; path = Locus.xcdatamodel; sourceTree = "<group>"; };
		441E1E8F28FBAFAC00B0C209 /* Info.plist */ = {isa = PBXFileReference; lastKnownFileType = text.plist.xml; path = Info.plist; sourceTree = "<group>"; };
		441E1E9428FBAFAD00B0C209 /* LocusTests.xctest */ = {isa = PBXFileReference; explicitFileType = wrapper.cfbundle; includeInIndex = 0; path = LocusTests.xctest; sourceTree = BUILT_PRODUCTS_DIR; };
		441E1E9828FBAFAD00B0C209 /* LocusTests.swift */ = {isa = PBXFileReference; lastKnownFileType = sourcecode.swift; path = LocusTests.swift; sourceTree = "<group>"; };
		441E1E9E28FBAFAD00B0C209 /* LocusUITests.xctest */ = {isa = PBXFileReference; explicitFileType = wrapper.cfbundle; includeInIndex = 0; path = LocusUITests.xctest; sourceTree = BUILT_PRODUCTS_DIR; };
		441E1EA228FBAFAD00B0C209 /* LocusUITests.swift */ = {isa = PBXFileReference; lastKnownFileType = sourcecode.swift; path = LocusUITests.swift; sourceTree = "<group>"; };
		441E1EA428FBAFAD00B0C209 /* LocusUITestsLaunchTests.swift */ = {isa = PBXFileReference; lastKnownFileType = sourcecode.swift; path = LocusUITestsLaunchTests.swift; sourceTree = "<group>"; };
		441E1EB128FBB26100B0C209 /* Logger.swift */ = {isa = PBXFileReference; lastKnownFileType = sourcecode.swift; path = Logger.swift; sourceTree = "<group>"; };
		441E1EB328FBB62100B0C209 /* LifePathStore.swift */ = {isa = PBXFileReference; lastKnownFileType = sourcecode.swift; path = LifePathStore.swift; sourceTree = "<group>"; };
		441E1EB528FBB63700B0C209 /* Utils.swift */ = {isa = PBXFileReference; lastKnownFileType = sourcecode.swift; path = Utils.swift; sourceTree = "<group>"; };
		441E1EB728FBB67300B0C209 /* AppDelegate.swift */ = {isa = PBXFileReference; lastKnownFileType = sourcecode.swift; path = AppDelegate.swift; sourceTree = "<group>"; };
		441E1EB928FBB69000B0C209 /* ImportExport.swift */ = {isa = PBXFileReference; lastKnownFileType = sourcecode.swift; path = ImportExport.swift; sourceTree = "<group>"; };
		441E1EBB28FBB6BA00B0C209 /* MapView.swift */ = {isa = PBXFileReference; lastKnownFileType = sourcecode.swift; path = MapView.swift; sourceTree = "<group>"; };
/* End PBXFileReference section */

/* Begin PBXFrameworksBuildPhase section */
		441E1E7B28FBAFAB00B0C209 /* Frameworks */ = {
			isa = PBXFrameworksBuildPhase;
			buildActionMask = 2147483647;
			files = (
			);
			runOnlyForDeploymentPostprocessing = 0;
		};
		441E1E9128FBAFAD00B0C209 /* Frameworks */ = {
			isa = PBXFrameworksBuildPhase;
			buildActionMask = 2147483647;
			files = (
			);
			runOnlyForDeploymentPostprocessing = 0;
		};
		441E1E9B28FBAFAD00B0C209 /* Frameworks */ = {
			isa = PBXFrameworksBuildPhase;
			buildActionMask = 2147483647;
			files = (
			);
			runOnlyForDeploymentPostprocessing = 0;
		};
/* End PBXFrameworksBuildPhase section */

/* Begin PBXGroup section */
		441E1E7528FBAFAB00B0C209 = {
			isa = PBXGroup;
			children = (
				441E1E8028FBAFAB00B0C209 /* Locus */,
				441E1E9728FBAFAD00B0C209 /* LocusTests */,
				441E1EA128FBAFAD00B0C209 /* LocusUITests */,
				441E1E7F28FBAFAB00B0C209 /* Products */,
			);
			sourceTree = "<group>";
		};
		441E1E7F28FBAFAB00B0C209 /* Products */ = {
			isa = PBXGroup;
			children = (
				441E1E7E28FBAFAB00B0C209 /* Locus.app */,
				441E1E9428FBAFAD00B0C209 /* LocusTests.xctest */,
				441E1E9E28FBAFAD00B0C209 /* LocusUITests.xctest */,
			);
			name = Products;
			sourceTree = "<group>";
		};
		441E1E8028FBAFAB00B0C209 /* Locus */ = {
			isa = PBXGroup;
			children = (
				441E1E8128FBAFAB00B0C209 /* LocusApp.swift */,
				441E1E8328FBAFAB00B0C209 /* ContentView.swift */,
				441E1E8528FBAFAC00B0C209 /* Assets.xcassets */,
				441E1E8A28FBAFAC00B0C209 /* PersistenceController.swift */,
				441E1E8F28FBAFAC00B0C209 /* Info.plist */,
				441E1E8C28FBAFAC00B0C209 /* Locus.xcdatamodeld */,
				441E1E8728FBAFAC00B0C209 /* Preview Content */,
				441E1EB128FBB26100B0C209 /* Logger.swift */,
				441E1EB328FBB62100B0C209 /* LifePathStore.swift */,
				441E1EB528FBB63700B0C209 /* Utils.swift */,
				441E1EB728FBB67300B0C209 /* AppDelegate.swift */,
				441E1EB928FBB69000B0C209 /* ImportExport.swift */,
				441E1EBB28FBB6BA00B0C209 /* MapView.swift */,
			);
			path = Locus;
			sourceTree = "<group>";
		};
		441E1E8728FBAFAC00B0C209 /* Preview Content */ = {
			isa = PBXGroup;
			children = (
				441E1E8828FBAFAC00B0C209 /* Preview Assets.xcassets */,
			);
			path = "Preview Content";
			sourceTree = "<group>";
		};
		441E1E9728FBAFAD00B0C209 /* LocusTests */ = {
			isa = PBXGroup;
			children = (
				441E1E9828FBAFAD00B0C209 /* LocusTests.swift */,
			);
			path = LocusTests;
			sourceTree = "<group>";
		};
		441E1EA128FBAFAD00B0C209 /* LocusUITests */ = {
			isa = PBXGroup;
			children = (
				441E1EA228FBAFAD00B0C209 /* LocusUITests.swift */,
				441E1EA428FBAFAD00B0C209 /* LocusUITestsLaunchTests.swift */,
			);
			path = LocusUITests;
			sourceTree = "<group>";
		};
/* End PBXGroup section */

/* Begin PBXNativeTarget section */
		441E1E7D28FBAFAB00B0C209 /* Locus */ = {
			isa = PBXNativeTarget;
			buildConfigurationList = 441E1EA828FBAFAD00B0C209 /* Build configuration list for PBXNativeTarget "Locus" */;
			buildPhases = (
				441E1E7A28FBAFAB00B0C209 /* Sources */,
				441E1E7B28FBAFAB00B0C209 /* Frameworks */,
				441E1E7C28FBAFAB00B0C209 /* Resources */,
			);
			buildRules = (
			);
			dependencies = (
			);
			name = Locus;
			productName = Locus;
			productReference = 441E1E7E28FBAFAB00B0C209 /* Locus.app */;
			productType = "com.apple.product-type.application";
		};
		441E1E9328FBAFAD00B0C209 /* LocusTests */ = {
			isa = PBXNativeTarget;
			buildConfigurationList = 441E1EAB28FBAFAD00B0C209 /* Build configuration list for PBXNativeTarget "LocusTests" */;
			buildPhases = (
				441E1E9028FBAFAD00B0C209 /* Sources */,
				441E1E9128FBAFAD00B0C209 /* Frameworks */,
				441E1E9228FBAFAD00B0C209 /* Resources */,
			);
			buildRules = (
			);
			dependencies = (
				441E1E9628FBAFAD00B0C209 /* PBXTargetDependency */,
			);
			name = LocusTests;
			productName = LocusTests;
			productReference = 441E1E9428FBAFAD00B0C209 /* LocusTests.xctest */;
			productType = "com.apple.product-type.bundle.unit-test";
		};
		441E1E9D28FBAFAD00B0C209 /* LocusUITests */ = {
			isa = PBXNativeTarget;
			buildConfigurationList = 441E1EAE28FBAFAD00B0C209 /* Build configuration list for PBXNativeTarget "LocusUITests" */;
			buildPhases = (
				441E1E9A28FBAFAD00B0C209 /* Sources */,
				441E1E9B28FBAFAD00B0C209 /* Frameworks */,
				441E1E9C28FBAFAD00B0C209 /* Resources */,
			);
			buildRules = (
			);
			dependencies = (
				441E1EA028FBAFAD00B0C209 /* PBXTargetDependency */,
			);
			name = LocusUITests;
			productName = LocusUITests;
			productReference = 441E1E9E28FBAFAD00B0C209 /* LocusUITests.xctest */;
			productType = "com.apple.product-type.bundle.ui-testing";
		};
/* End PBXNativeTarget section */

/* Begin PBXProject section */
		441E1E7628FBAFAB00B0C209 /* Project object */ = {
			isa = PBXProject;
			attributes = {
				BuildIndependentTargetsInParallel = 1;
				LastSwiftUpdateCheck = 1400;
				LastUpgradeCheck = 1400;
				TargetAttributes = {
					441E1E7D28FBAFAB00B0C209 = {
						CreatedOnToolsVersion = 14.0.1;
					};
					441E1E9328FBAFAD00B0C209 = {
						CreatedOnToolsVersion = 14.0.1;
						TestTargetID = 441E1E7D28FBAFAB00B0C209;
					};
					441E1E9D28FBAFAD00B0C209 = {
						CreatedOnToolsVersion = 14.0.1;
						TestTargetID = 441E1E7D28FBAFAB00B0C209;
					};
				};
			};
			buildConfigurationList = 441E1E7928FBAFAB00B0C209 /* Build configuration list for PBXProject "Locus" */;
			compatibilityVersion = "Xcode 14.0";
			developmentRegion = en;
			hasScannedForEncodings = 0;
			knownRegions = (
				en,
				Base,
			);
			mainGroup = 441E1E7528FBAFAB00B0C209;
			productRefGroup = 441E1E7F28FBAFAB00B0C209 /* Products */;
			projectDirPath = "";
			projectRoot = "";
			targets = (
				441E1E7D28FBAFAB00B0C209 /* Locus */,
				441E1E9328FBAFAD00B0C209 /* LocusTests */,
				441E1E9D28FBAFAD00B0C209 /* LocusUITests */,
			);
		};
/* End PBXProject section */

/* Begin PBXResourcesBuildPhase section */
		441E1E7C28FBAFAB00B0C209 /* Resources */ = {
			isa = PBXResourcesBuildPhase;
			buildActionMask = 2147483647;
			files = (
				441E1E8928FBAFAC00B0C209 /* Preview Assets.xcassets in Resources */,
				441E1E8628FBAFAC00B0C209 /* Assets.xcassets in Resources */,
			);
			runOnlyForDeploymentPostprocessing = 0;
		};
		441E1E9228FBAFAD00B0C209 /* Resources */ = {
			isa = PBXResourcesBuildPhase;
			buildActionMask = 2147483647;
			files = (
			);
			runOnlyForDeploymentPostprocessing = 0;
		};
		441E1E9C28FBAFAD00B0C209 /* Resources */ = {
			isa = PBXResourcesBuildPhase;
			buildActionMask = 2147483647;
			files = (
			);
			runOnlyForDeploymentPostprocessing = 0;
		};
/* End PBXResourcesBuildPhase section */

/* Begin PBXSourcesBuildPhase section */
		441E1E7A28FBAFAB00B0C209 /* Sources */ = {
			isa = PBXSourcesBuildPhase;
			buildActionMask = 2147483647;
			files = (
				441E1EB828FBB67300B0C209 /* AppDelegate.swift in Sources */,
				441E1EB228FBB26100B0C209 /* Logger.swift in Sources */,
				441E1E8E28FBAFAC00B0C209 /* Locus.xcdatamodeld in Sources */,
				441E1EBA28FBB69000B0C209 /* ImportExport.swift in Sources */,
				441E1EB428FBB62100B0C209 /* LifePathStore.swift in Sources */,
				441E1EB628FBB63700B0C209 /* Utils.swift in Sources */,
				441E1E8B28FBAFAC00B0C209 /* PersistenceController.swift in Sources */,
				441E1EBC28FBB6BA00B0C209 /* MapView.swift in Sources */,
				441E1E8428FBAFAB00B0C209 /* ContentView.swift in Sources */,
				441E1E8228FBAFAB00B0C209 /* LocusApp.swift in Sources */,
			);
			runOnlyForDeploymentPostprocessing = 0;
		};
		441E1E9028FBAFAD00B0C209 /* Sources */ = {
			isa = PBXSourcesBuildPhase;
			buildActionMask = 2147483647;
			files = (
				441E1E9928FBAFAD00B0C209 /* LocusTests.swift in Sources */,
			);
			runOnlyForDeploymentPostprocessing = 0;
		};
		441E1E9A28FBAFAD00B0C209 /* Sources */ = {
			isa = PBXSourcesBuildPhase;
			buildActionMask = 2147483647;
			files = (
				441E1EA328FBAFAD00B0C209 /* LocusUITests.swift in Sources */,
				441E1EA528FBAFAD00B0C209 /* LocusUITestsLaunchTests.swift in Sources */,
			);
			runOnlyForDeploymentPostprocessing = 0;
		};
/* End PBXSourcesBuildPhase section */

/* Begin PBXTargetDependency section */
		441E1E9628FBAFAD00B0C209 /* PBXTargetDependency */ = {
			isa = PBXTargetDependency;
			target = 441E1E7D28FBAFAB00B0C209 /* Locus */;
			targetProxy = 441E1E9528FBAFAD00B0C209 /* PBXContainerItemProxy */;
		};
		441E1EA028FBAFAD00B0C209 /* PBXTargetDependency */ = {
			isa = PBXTargetDependency;
			target = 441E1E7D28FBAFAB00B0C209 /* Locus */;
			targetProxy = 441E1E9F28FBAFAD00B0C209 /* PBXContainerItemProxy */;
		};
/* End PBXTargetDependency section */

/* Begin XCBuildConfiguration section */
		441E1EA628FBAFAD00B0C209 /* Debug */ = {
			isa = XCBuildConfiguration;
			buildSettings = {
				ALWAYS_SEARCH_USER_PATHS = NO;
				CLANG_ANALYZER_NONNULL = YES;
				CLANG_ANALYZER_NUMBER_OBJECT_CONVERSION = YES_AGGRESSIVE;
				CLANG_CXX_LANGUAGE_STANDARD = "gnu++20";
				CLANG_ENABLE_MODULES = YES;
				CLANG_ENABLE_OBJC_ARC = YES;
				CLANG_ENABLE_OBJC_WEAK = YES;
				CLANG_WARN_BLOCK_CAPTURE_AUTORELEASING = YES;
				CLANG_WARN_BOOL_CONVERSION = YES;
				CLANG_WARN_COMMA = YES;
				CLANG_WARN_CONSTANT_CONVERSION = YES;
				CLANG_WARN_DEPRECATED_OBJC_IMPLEMENTATIONS = YES;
				CLANG_WARN_DIRECT_OBJC_ISA_USAGE = YES_ERROR;
				CLANG_WARN_DOCUMENTATION_COMMENTS = YES;
				CLANG_WARN_EMPTY_BODY = YES;
				CLANG_WARN_ENUM_CONVERSION = YES;
				CLANG_WARN_INFINITE_RECURSION = YES;
				CLANG_WARN_INT_CONVERSION = YES;
				CLANG_WARN_NON_LITERAL_NULL_CONVERSION = YES;
				CLANG_WARN_OBJC_IMPLICIT_RETAIN_SELF = YES;
				CLANG_WARN_OBJC_LITERAL_CONVERSION = YES;
				CLANG_WARN_OBJC_ROOT_CLASS = YES_ERROR;
				CLANG_WARN_QUOTED_INCLUDE_IN_FRAMEWORK_HEADER = YES;
				CLANG_WARN_RANGE_LOOP_ANALYSIS = YES;
				CLANG_WARN_STRICT_PROTOTYPES = YES;
				CLANG_WARN_SUSPICIOUS_MOVE = YES;
				CLANG_WARN_UNGUARDED_AVAILABILITY = YES_AGGRESSIVE;
				CLANG_WARN_UNREACHABLE_CODE = YES;
				CLANG_WARN__DUPLICATE_METHOD_MATCH = YES;
				COPY_PHASE_STRIP = NO;
				DEBUG_INFORMATION_FORMAT = dwarf;
				ENABLE_STRICT_OBJC_MSGSEND = YES;
				ENABLE_TESTABILITY = YES;
				GCC_C_LANGUAGE_STANDARD = gnu11;
				GCC_DYNAMIC_NO_PIC = NO;
				GCC_NO_COMMON_BLOCKS = YES;
				GCC_OPTIMIZATION_LEVEL = 0;
				GCC_PREPROCESSOR_DEFINITIONS = (
					"DEBUG=1",
					"$(inherited)",
				);
				GCC_WARN_64_TO_32_BIT_CONVERSION = YES;
				GCC_WARN_ABOUT_RETURN_TYPE = YES_ERROR;
				GCC_WARN_UNDECLARED_SELECTOR = YES;
				GCC_WARN_UNINITIALIZED_AUTOS = YES_AGGRESSIVE;
				GCC_WARN_UNUSED_FUNCTION = YES;
				GCC_WARN_UNUSED_VARIABLE = YES;
				IPHONEOS_DEPLOYMENT_TARGET = 16.0;
				MTL_ENABLE_DEBUG_INFO = INCLUDE_SOURCE;
				MTL_FAST_MATH = YES;
				ONLY_ACTIVE_ARCH = YES;
				SDKROOT = iphoneos;
				SWIFT_ACTIVE_COMPILATION_CONDITIONS = DEBUG;
				SWIFT_OPTIMIZATION_LEVEL = "-Onone";
			};
			name = Debug;
		};
		441E1EA728FBAFAD00B0C209 /* Release */ = {
			isa = XCBuildConfiguration;
			buildSettings = {
				ALWAYS_SEARCH_USER_PATHS = NO;
				CLANG_ANALYZER_NONNULL = YES;
				CLANG_ANALYZER_NUMBER_OBJECT_CONVERSION = YES_AGGRESSIVE;
				CLANG_CXX_LANGUAGE_STANDARD = "gnu++20";
				CLANG_ENABLE_MODULES = YES;
				CLANG_ENABLE_OBJC_ARC = YES;
				CLANG_ENABLE_OBJC_WEAK = YES;
				CLANG_WARN_BLOCK_CAPTURE_AUTORELEASING = YES;
				CLANG_WARN_BOOL_CONVERSION = YES;
				CLANG_WARN_COMMA = YES;
				CLANG_WARN_CONSTANT_CONVERSION = YES;
				CLANG_WARN_DEPRECATED_OBJC_IMPLEMENTATIONS = YES;
				CLANG_WARN_DIRECT_OBJC_ISA_USAGE = YES_ERROR;
				CLANG_WARN_DOCUMENTATION_COMMENTS = YES;
				CLANG_WARN_EMPTY_BODY = YES;
				CLANG_WARN_ENUM_CONVERSION = YES;
				CLANG_WARN_INFINITE_RECURSION = YES;
				CLANG_WARN_INT_CONVERSION = YES;
				CLANG_WARN_NON_LITERAL_NULL_CONVERSION = YES;
				CLANG_WARN_OBJC_IMPLICIT_RETAIN_SELF = YES;
				CLANG_WARN_OBJC_LITERAL_CONVERSION = YES;
				CLANG_WARN_OBJC_ROOT_CLASS = YES_ERROR;
				CLANG_WARN_QUOTED_INCLUDE_IN_FRAMEWORK_HEADER = YES;
				CLANG_WARN_RANGE_LOOP_ANALYSIS = YES;
				CLANG_WARN_STRICT_PROTOTYPES = YES;
				CLANG_WARN_SUSPICIOUS_MOVE = YES;
				CLANG_WARN_UNGUARDED_AVAILABILITY = YES_AGGRESSIVE;
				CLANG_WARN_UNREACHABLE_CODE = YES;
				CLANG_WARN__DUPLICATE_METHOD_MATCH = YES;
				COPY_PHASE_STRIP = NO;
				DEBUG_INFORMATION_FORMAT = "dwarf-with-dsym";
				ENABLE_NS_ASSERTIONS = NO;
				ENABLE_STRICT_OBJC_MSGSEND = YES;
				GCC_C_LANGUAGE_STANDARD = gnu11;
				GCC_NO_COMMON_BLOCKS = YES;
				GCC_WARN_64_TO_32_BIT_CONVERSION = YES;
				GCC_WARN_ABOUT_RETURN_TYPE = YES_ERROR;
				GCC_WARN_UNDECLARED_SELECTOR = YES;
				GCC_WARN_UNINITIALIZED_AUTOS = YES_AGGRESSIVE;
				GCC_WARN_UNUSED_FUNCTION = YES;
				GCC_WARN_UNUSED_VARIABLE = YES;
				IPHONEOS_DEPLOYMENT_TARGET = 16.0;
				MTL_ENABLE_DEBUG_INFO = NO;
				MTL_FAST_MATH = YES;
				SDKROOT = iphoneos;
				SWIFT_COMPILATION_MODE = wholemodule;
				SWIFT_OPTIMIZATION_LEVEL = "-O";
				VALIDATE_PRODUCT = YES;
			};
			name = Release;
		};
		441E1EA928FBAFAD00B0C209 /* Debug */ = {
			isa = XCBuildConfiguration;
			buildSettings = {
				ASSETCATALOG_COMPILER_APPICON_NAME = AppIcon;
				ASSETCATALOG_COMPILER_GLOBAL_ACCENT_COLOR_NAME = AccentColor;
				CODE_SIGN_STYLE = Automatic;
				CURRENT_PROJECT_VERSION = 1;
				DEVELOPMENT_ASSET_PATHS = "\"Locus/Preview Content\"";
				DEVELOPMENT_TEAM = F9Y5E96RQL;
				ENABLE_PREVIEWS = YES;
				GENERATE_INFOPLIST_FILE = YES;
				INFOPLIST_FILE = Locus/Info.plist;
				INFOPLIST_KEY_CFBundleDisplayName = Locus;
				INFOPLIST_KEY_LSApplicationCategoryType = "public.app-category.travel";
				INFOPLIST_KEY_UIApplicationSceneManifest_Generation = YES;
				INFOPLIST_KEY_UIApplicationSupportsIndirectInputEvents = YES;
				INFOPLIST_KEY_UILaunchScreen_Generation = YES;
				INFOPLIST_KEY_UISupportedInterfaceOrientations = "UIInterfaceOrientationLandscapeLeft UIInterfaceOrientationLandscapeRight UIInterfaceOrientationPortrait";
				INFOPLIST_KEY_UISupportedInterfaceOrientations_iPad = "UIInterfaceOrientationLandscapeLeft UIInterfaceOrientationLandscapeRight UIInterfaceOrientationPortrait UIInterfaceOrientationPortraitUpsideDown";
				IPHONEOS_DEPLOYMENT_TARGET = 15.0;
				LD_RUNPATH_SEARCH_PATHS = (
					"$(inherited)",
					"@executable_path/Frameworks",
				);
				MARKETING_VERSION = 1.0;
				PRODUCT_BUNDLE_IDENTIFIER = com.winguse.Locus;
				PRODUCT_NAME = "$(TARGET_NAME)";
				SUPPORTED_PLATFORMS = "iphoneos iphonesimulator";
				SUPPORTS_MACCATALYST = NO;
				SUPPORTS_MAC_DESIGNED_FOR_IPHONE_IPAD = NO;
				SWIFT_EMIT_LOC_STRINGS = YES;
				SWIFT_VERSION = 5.0;
				TARGETED_DEVICE_FAMILY = "1,2";
			};
			name = Debug;
		};
		441E1EAA28FBAFAD00B0C209 /* Release */ = {
			isa = XCBuildConfiguration;
			buildSettings = {
				ASSETCATALOG_COMPILER_APPICON_NAME = AppIcon;
				ASSETCATALOG_COMPILER_GLOBAL_ACCENT_COLOR_NAME = AccentColor;
				CODE_SIGN_STYLE = Automatic;
				CURRENT_PROJECT_VERSION = 1;
				DEVELOPMENT_ASSET_PATHS = "\"Locus/Preview Content\"";
				DEVELOPMENT_TEAM = F9Y5E96RQL;
				ENABLE_PREVIEWS = YES;
				GENERATE_INFOPLIST_FILE = YES;
				INFOPLIST_FILE = Locus/Info.plist;
				INFOPLIST_KEY_CFBundleDisplayName = Locus;
				INFOPLIST_KEY_LSApplicationCategoryType = "public.app-category.travel";
				INFOPLIST_KEY_UIApplicationSceneManifest_Generation = YES;
				INFOPLIST_KEY_UIApplicationSupportsIndirectInputEvents = YES;
				INFOPLIST_KEY_UILaunchScreen_Generation = YES;
				INFOPLIST_KEY_UISupportedInterfaceOrientations = "UIInterfaceOrientationLandscapeLeft UIInterfaceOrientationLandscapeRight UIInterfaceOrientationPortrait";
				INFOPLIST_KEY_UISupportedInterfaceOrientations_iPad = "UIInterfaceOrientationLandscapeLeft UIInterfaceOrientationLandscapeRight UIInterfaceOrientationPortrait UIInterfaceOrientationPortraitUpsideDown";
				IPHONEOS_DEPLOYMENT_TARGET = 15.0;
				LD_RUNPATH_SEARCH_PATHS = (
					"$(inherited)",
					"@executable_path/Frameworks",
				);
				MARKETING_VERSION = 1.0;
				PRODUCT_BUNDLE_IDENTIFIER = com.winguse.Locus;
				PRODUCT_NAME = "$(TARGET_NAME)";
				SUPPORTED_PLATFORMS = "iphoneos iphonesimulator";
				SUPPORTS_MACCATALYST = NO;
				SUPPORTS_MAC_DESIGNED_FOR_IPHONE_IPAD = NO;
				SWIFT_EMIT_LOC_STRINGS = YES;
				SWIFT_VERSION = 5.0;
				TARGETED_DEVICE_FAMILY = "1,2";
			};
			name = Release;
		};
		441E1EAC28FBAFAD00B0C209 /* Debug */ = {
			isa = XCBuildConfiguration;
			buildSettings = {
				ALWAYS_EMBED_SWIFT_STANDARD_LIBRARIES = YES;
				BUNDLE_LOADER = "$(TEST_HOST)";
				CODE_SIGN_STYLE = Automatic;
				CURRENT_PROJECT_VERSION = 1;
				DEVELOPMENT_TEAM = F9Y5E96RQL;
				GENERATE_INFOPLIST_FILE = YES;
				IPHONEOS_DEPLOYMENT_TARGET = 16.0;
				MARKETING_VERSION = 1.0;
				PRODUCT_BUNDLE_IDENTIFIER = com.winguse.LocusTests;
				PRODUCT_NAME = "$(TARGET_NAME)";
				SWIFT_EMIT_LOC_STRINGS = NO;
				SWIFT_VERSION = 5.0;
				TARGETED_DEVICE_FAMILY = "1,2";
				TEST_HOST = "$(BUILT_PRODUCTS_DIR)/Locus.app/$(BUNDLE_EXECUTABLE_FOLDER_PATH)/Locus";
			};
			name = Debug;
		};
		441E1EAD28FBAFAD00B0C209 /* Release */ = {
			isa = XCBuildConfiguration;
			buildSettings = {
				ALWAYS_EMBED_SWIFT_STANDARD_LIBRARIES = YES;
				BUNDLE_LOADER = "$(TEST_HOST)";
				CODE_SIGN_STYLE = Automatic;
				CURRENT_PROJECT_VERSION = 1;
				DEVELOPMENT_TEAM = F9Y5E96RQL;
				GENERATE_INFOPLIST_FILE = YES;
				IPHONEOS_DEPLOYMENT_TARGET = 16.0;
				MARKETING_VERSION = 1.0;
				PRODUCT_BUNDLE_IDENTIFIER = com.winguse.LocusTests;
				PRODUCT_NAME = "$(TARGET_NAME)";
				SWIFT_EMIT_LOC_STRINGS = NO;
				SWIFT_VERSION = 5.0;
				TARGETED_DEVICE_FAMILY = "1,2";
				TEST_HOST = "$(BUILT_PRODUCTS_DIR)/Locus.app/$(BUNDLE_EXECUTABLE_FOLDER_PATH)/Locus";
			};
			name = Release;
		};
		441E1EAF28FBAFAD00B0C209 /* Debug */ = {
			isa = XCBuildConfiguration;
			buildSettings = {
				ALWAYS_EMBED_SWIFT_STANDARD_LIBRARIES = YES;
				CODE_SIGN_STYLE = Automatic;
				CURRENT_PROJECT_VERSION = 1;
				DEVELOPMENT_TEAM = F9Y5E96RQL;
				GENERATE_INFOPLIST_FILE = YES;
				MARKETING_VERSION = 1.0;
				PRODUCT_BUNDLE_IDENTIFIER = com.winguse.LocusUITests;
				PRODUCT_NAME = "$(TARGET_NAME)";
				SWIFT_EMIT_LOC_STRINGS = NO;
				SWIFT_VERSION = 5.0;
				TARGETED_DEVICE_FAMILY = "1,2";
				TEST_TARGET_NAME = Locus;
			};
			name = Debug;
		};
		441E1EB028FBAFAD00B0C209 /* Release */ = {
			isa = XCBuildConfiguration;
			buildSettings = {
				ALWAYS_EMBED_SWIFT_STANDARD_LIBRARIES = YES;
				CODE_SIGN_STYLE = Automatic;
				CURRENT_PROJECT_VERSION = 1;
				DEVELOPMENT_TEAM = F9Y5E96RQL;
				GENERATE_INFOPLIST_FILE = YES;
				MARKETING_VERSION = 1.0;
				PRODUCT_BUNDLE_IDENTIFIER = com.winguse.LocusUITests;
				PRODUCT_NAME = "$(TARGET_NAME)";
				SWIFT_EMIT_LOC_STRINGS = NO;
				SWIFT_VERSION = 5.0;
				TARGETED_DEVICE_FAMILY = "1,2";
				TEST_TARGET_NAME = Locus;
			};
			name = Release;
		};
/* End XCBuildConfiguration section */

/* Begin XCConfigurationList section */
		441E1E7928FBAFAB00B0C209 /* Build configuration list for PBXProject "Locus" */ = {
			isa = XCConfigurationList;
			buildConfigurations = (
				441E1EA628FBAFAD00B0C209 /* Debug */,
				441E1EA728FBAFAD00B0C209 /* Release */,
			);
			defaultConfigurationIsVisible = 0;
			defaultConfigurationName = Release;
		};
		441E1EA828FBAFAD00B0C209 /* Build configuration list for PBXNativeTarget "Locus" */ = {
			isa = XCConfigurationList;
			buildConfigurations = (
				441E1EA928FBAFAD00B0C209 /* Debug */,
				441E1EAA28FBAFAD00B0C209 /* Release */,
			);
			defaultConfigurationIsVisible = 0;
			defaultConfigurationName = Release;
		};
		441E1EAB28FBAFAD00B0C209 /* Build configuration list for PBXNativeTarget "LocusTests" */ = {
			isa = XCConfigurationList;
			buildConfigurations = (
				441E1EAC28FBAFAD00B0C209 /* Debug */,
				441E1EAD28FBAFAD00B0C209 /* Release */,
			);
			defaultConfigurationIsVisible = 0;
			defaultConfigurationName = Release;
		};
		441E1EAE28FBAFAD00B0C209 /* Build configuration list for PBXNativeTarget "LocusUITests" */ = {
			isa = XCConfigurationList;
			buildConfigurations = (
				441E1EAF28FBAFAD00B0C209 /* Debug */,
				441E1EB028FBAFAD00B0C209 /* Release */,
			);
			defaultConfigurationIsVisible = 0;
			defaultConfigurationName = Release;
		};
/* End XCConfigurationList section */

/* Begin XCVersionGroup section */
		441E1E8C28FBAFAC00B0C209 /* Locus.xcdatamodeld */ = {
			isa = XCVersionGroup;
			children = (
				441E1E8D28FBAFAC00B0C209 /* Locus.xcdatamodel */,
			);
			currentVersion = 441E1E8D28FBAFAC00B0C209 /* Locus.xcdatamodel */;
			path = Locus.xcdatamodeld;
			sourceTree = "<group>";
			versionGroupType = wrapper.xcdatamodel;
		};
/* End XCVersionGroup section */
	};
	rootObject = 441E1E7628FBAFAB00B0C209 /* Project object */;
}
